
Microsoft Visual Studio Solution File, Format Version 12.00
# Visual Studio Version 17
VisualStudioVersion = 17.14.36121.58
MinimumVisualStudioVersion = 10.0.40219.1
Project("{8BC9CEB8-8B4A-11D0-8D11-00A0C91BC942}") = "kernel", "kernel\kernel.vcxproj", "{715AA1D1-7789-A520-E29A-16763D084FAB}"
EndProject
Project("{8BC9CEB8-8B4A-11D0-8D11-00A0C91BC942}") = "payload", "payload\payload.vcxproj", "{8A50D769-2F41-8DEA-75C0-856FE3968712}"
EndProject
Project("{8BC9CEB8-8B4A-11D0-8D11-00A0C91BC942}") = "usermode", "usermode\usermode.vcxproj", "{9648778E-833D-4CD7-A878-ED2FDC73C775}"
EndProject
Project("{8BC9CEB8-8B4A-11D0-8D11-00A0C91BC942}") = "loader", "loader\loader.vcxproj", "{BE46EFDE-2C15-46D1-9DBA-2B9A710A5C0D}"
EndProject
Global
	GlobalSection(SolutionConfigurationPlatforms) = preSolution
		Debug|ARM64 = Debug|ARM64
		Debug|x64 = Debug|x64
		Release|ARM64 = Release|ARM64
		Release|x64 = Release|x64
	EndGlobalSection
	GlobalSection(ProjectConfigurationPlatforms) = postSolution
		{715AA1D1-7789-A520-E29A-16763D084FAB}.Debug|ARM64.ActiveCfg = Debug|ARM64
		{715AA1D1-7789-A520-E29A-16763D084FAB}.Debug|ARM64.Build.0 = Debug|ARM64
		{715AA1D1-7789-A520-E29A-16763D084FAB}.Debug|ARM64.Deploy.0 = Debug|ARM64
		{715AA1D1-7789-A520-E29A-16763D084FAB}.Debug|x64.ActiveCfg = Debug|x64
		{715AA1D1-7789-A520-E29A-16763D084FAB}.Debug|x64.Build.0 = Debug|x64
		{715AA1D1-7789-A520-E29A-16763D084FAB}.Debug|x64.Deploy.0 = Debug|x64
		{715AA1D1-7789-A520-E29A-16763D084FAB}.Release|ARM64.ActiveCfg = Release|ARM64
		{715AA1D1-7789-A520-E29A-16763D084FAB}.Release|ARM64.Build.0 = Release|ARM64
		{715AA1D1-7789-A520-E29A-16763D084FAB}.Release|ARM64.Deploy.0 = Release|ARM64
		{715AA1D1-7789-A520-E29A-16763D084FAB}.Release|x64.ActiveCfg = Release|x64
		{715AA1D1-7789-A520-E29A-16763D084FAB}.Release|x64.Build.0 = Release|x64
		{715AA1D1-7789-A520-E29A-16763D084FAB}.Release|x64.Deploy.0 = Release|x64
		{8A50D769-2F41-8DEA-75C0-856FE3968712}.Debug|ARM64.ActiveCfg = Debug|ARM64
		{8A50D769-2F41-8DEA-75C0-856FE3968712}.Debug|ARM64.Build.0 = Debug|ARM64
		{8A50D769-2F41-8DEA-75C0-856FE3968712}.Debug|ARM64.Deploy.0 = Debug|ARM64
		{8A50D769-2F41-8DEA-75C0-856FE3968712}.Debug|x64.ActiveCfg = Debug|x64
		{8A50D769-2F41-8DEA-75C0-856FE3968712}.Debug|x64.Build.0 = Debug|x64
		{8A50D769-2F41-8DEA-75C0-856FE3968712}.Debug|x64.Deploy.0 = Debug|x64
		{8A50D769-2F41-8DEA-75C0-856FE3968712}.Release|ARM64.ActiveCfg = Release|ARM64
		{8A50D769-2F41-8DEA-75C0-856FE3968712}.Release|ARM64.Build.0 = Release|ARM64
		{8A50D769-2F41-8DEA-75C0-856FE3968712}.Release|ARM64.Deploy.0 = Release|ARM64
		{8A50D769-2F41-8DEA-75C0-856FE3968712}.Release|x64.ActiveCfg = Release|x64
		{8A50D769-2F41-8DEA-75C0-856FE3968712}.Release|x64.Build.0 = Release|x64
		{8A50D769-2F41-8DEA-75C0-856FE3968712}.Release|x64.Deploy.0 = Release|x64
		{9648778E-833D-4CD7-A878-ED2FDC73C775}.Debug|ARM64.ActiveCfg = Debug|x64
		{9648778E-833D-4CD7-A878-ED2FDC73C775}.Debug|ARM64.Build.0 = Debug|x64
		{9648778E-833D-4CD7-A878-ED2FDC73C775}.Debug|x64.ActiveCfg = Debug|x64
		{9648778E-833D-4CD7-A878-ED2FDC73C775}.Debug|x64.Build.0 = Debug|x64
		{9648778E-833D-4CD7-A878-ED2FDC73C775}.Release|ARM64.ActiveCfg = Release|x64
		{9648778E-833D-4CD7-A878-ED2FDC73C775}.Release|ARM64.Build.0 = Release|x64
		{9648778E-833D-4CD7-A878-ED2FDC73C775}.Release|x64.ActiveCfg = Release|x64
		{9648778E-833D-4CD7-A878-ED2FDC73C775}.Release|x64.Build.0 = Release|x64
		{BE46EFDE-2C15-46D1-9DBA-2B9A710A5C0D}.Debug|ARM64.ActiveCfg = Debug|x64
		{BE46EFDE-2C15-46D1-9DBA-2B9A710A5C0D}.Debug|ARM64.Build.0 = Debug|x64
		{BE46EFDE-2C15-46D1-9DBA-2B9A710A5C0D}.Debug|x64.ActiveCfg = Debug|x64
		{BE46EFDE-2C15-46D1-9DBA-2B9A710A5C0D}.Debug|x64.Build.0 = Debug|x64
		{BE46EFDE-2C15-46D1-9DBA-2B9A710A5C0D}.Release|ARM64.ActiveCfg = Release|x64
		{BE46EFDE-2C15-46D1-9DBA-2B9A710A5C0D}.Release|ARM64.Build.0 = Release|x64
		{BE46EFDE-2C15-46D1-9DBA-2B9A710A5C0D}.Release|x64.ActiveCfg = Release|x64
		{BE46EFDE-2C15-46D1-9DBA-2B9A710A5C0D}.Release|x64.Build.0 = Release|x64
	EndGlobalSection
	GlobalSection(SolutionProperties) = preSolution
		HideSolutionNode = FALSE
	EndGlobalSection
	GlobalSection(ExtensibilityGlobals) = postSolution
		SolutionGuid = {23CA842C-EC4F-4E1F-8082-159EC26280FF}
	EndGlobalSection
EndGlobal
